
Microsoft Visual Studio Solution File, Format Version 12.00
# Visual Studio Version 17
VisualStudioVersion = 17.13.35913.81 d17.13
MinimumVisualStudioVersion = 10.0.40219.1
Project("{888888A0-9F3D-457C-B088-3A5042F75D52}") = "PennyPilot", "PennyPilot.pyproj", "{BE310777-691F-4FA5-A1DF-73D092C8FEC4}"
EndProject
Global
	GlobalSection(SolutionConfigurationPlatforms) = preSolution
		Debug|Any CPU = Debug|Any CPU
		Release|Any CPU = Release|Any CPU
	EndGlobalSection
	GlobalSection(ProjectConfigurationPlatforms) = postSolution
		{BE310777-691F-4FA5-A1DF-73D092C8FEC4}.Debug|Any CPU.ActiveCfg = Debug|Any CPU
		{BE310777-691F-4FA5-A1DF-73D092C8FEC4}.Release|Any CPU.ActiveCfg = Release|Any CPU
	EndGlobalSection
	GlobalSection(SolutionProperties) = preSolution
		HideSolutionNode = FALSE
	EndGlobalSection
	GlobalSection(ExtensibilityGlobals) = postSolution
		SolutionGuid = {26782DE2-F3C0-49B9-8D50-1FC20399F5F9}
	EndGlobalSection
EndGlobal
